// !$*UTF8*$!
{
	archiveVersion = 1;
	classes = {
	};
	objectVersion = 50;
	objects = {

/* Begin PBXBuildFile section */
		1411C0792341E94800BD490C /* AppDelegate.swift in Sources */ = {isa = PBXBuildFile; fileRef = 1411C0782341E94800BD490C /* AppDelegate.swift */; };
		1411C07B2341E94800BD490C /* SceneDelegate.swift in Sources */ = {isa = PBXBuildFile; fileRef = 1411C07A2341E94800BD490C /* SceneDelegate.swift */; };
		1411C07D2341E94800BD490C /* ViewController.swift in Sources */ = {isa = PBXBuildFile; fileRef = 1411C07C2341E94800BD490C /* ViewController.swift */; };
		1411C0802341E94800BD490C /* Main.storyboard in Resources */ = {isa = PBXBuildFile; fileRef = 1411C07E2341E94800BD490C /* Main.storyboard */; };
		1411C0822341E94900BD490C /* Assets.xcassets in Resources */ = {isa = PBXBuildFile; fileRef = 1411C0812341E94900BD490C /* Assets.xcassets */; };
		1411C0852341E94900BD490C /* LaunchScreen.storyboard in Resources */ = {isa = PBXBuildFile; fileRef = 1411C0832341E94900BD490C /* LaunchScreen.storyboard */; };
		1411C08D234C2AF200BD490C /* ScrollTableviewCell.swift in Sources */ = {isa = PBXBuildFile; fileRef = 1411C08C234C2AF200BD490C /* ScrollTableviewCell.swift */; };
		1411C08F234C2ED400BD490C /* GestureTableView.swift in Sources */ = {isa = PBXBuildFile; fileRef = 1411C08E234C2ED400BD490C /* GestureTableView.swift */; };
		1411C097234DE42300BD490C /* mind.png in Resources */ = {isa = PBXBuildFile; fileRef = 1411C095234DE42300BD490C /* mind.png */; };
		1411C098234DE42300BD490C /* struct.png in Resources */ = {isa = PBXBuildFile; fileRef = 1411C096234DE42300BD490C /* struct.png */; };
/* End PBXBuildFile section */

/* Begin PBXFileReference section */
		1411C0752341E94800BD490C /* ScrollDemo.app */ = {isa = PBXFileReference; explicitFileType = wrapper.application; includeInIndex = 0; path = ScrollDemo.app; sourceTree = BUILT_PRODUCTS_DIR; };
		1411C0782341E94800BD490C /* AppDelegate.swift */ = {isa = PBXFileReference; lastKnownFileType = sourcecode.swift; path = AppDelegate.swift; sourceTree = "<group>"; };
		1411C07A2341E94800BD490C /* SceneDelegate.swift */ = {isa = PBXFileReference; lastKnownFileType = sourcecode.swift; path = SceneDelegate.swift; sourceTree = "<group>"; };
		1411C07C2341E94800BD490C /* ViewController.swift */ = {isa = PBXFileReference; lastKnownFileType = sourcecode.swift; path = ViewController.swift; sourceTree = "<group>"; };
		1411C07F2341E94800BD490C /* Base */ = {isa = PBXFileReference; lastKnownFileType = file.storyboard; name = Base; path = Base.lproj/Main.storyboard; sourceTree = "<group>"; };
		1411C0812341E94900BD490C /* Assets.xcassets */ = {isa = PBXFileReference; lastKnownFileType = folder.assetcatalog; path = Assets.xcassets; sourceTree = "<group>"; };
		1411C0842341E94900BD490C /* Base */ = {isa = PBXFileReference; lastKnownFileType = file.storyboard; name = Base; path = Base.lproj/LaunchScreen.storyboard; sourceTree = "<group>"; };
		1411C0862341E94900BD490C /* Info.plist */ = {isa = PBXFileReference; lastKnownFileType = text.plist.xml; path = Info.plist; sourceTree = "<group>"; };
		1411C08C234C2AF200BD490C /* ScrollTableviewCell.swift */ = {isa = PBXFileReference; lastKnownFileType = sourcecode.swift; path = ScrollTableviewCell.swift; sourceTree = "<group>"; };
		1411C08E234C2ED400BD490C /* GestureTableView.swift */ = {isa = PBXFileReference; lastKnownFileType = sourcecode.swift; path = GestureTableView.swift; sourceTree = "<group>"; };
		1411C095234DE42300BD490C /* mind.png */ = {isa = PBXFileReference; lastKnownFileType = image.png; path = mind.png; sourceTree = "<group>"; };
		1411C096234DE42300BD490C /* struct.png */ = {isa = PBXFileReference; lastKnownFileType = image.png; path = struct.png; sourceTree = "<group>"; };
/* End PBXFileReference section */

/* Begin PBXFrameworksBuildPhase section */
		1411C0722341E94800BD490C /* Frameworks */ = {
			isa = PBXFrameworksBuildPhase;
			buildActionMask = 2147483647;
			files = (
			);
			runOnlyForDeploymentPostprocessing = 0;
		};
/* End PBXFrameworksBuildPhase section */

/* Begin PBXGroup section */
		1411C06C2341E94800BD490C = {
			isa = PBXGroup;
			children = (
				1411C0772341E94800BD490C /* ScrollDemo */,
				1411C0762341E94800BD490C /* Products */,
			);
			sourceTree = "<group>";
		};
		1411C0762341E94800BD490C /* Products */ = {
			isa = PBXGroup;
			children = (
				1411C0752341E94800BD490C /* ScrollDemo.app */,
			);
			name = Products;
			sourceTree = "<group>";
		};
		1411C0772341E94800BD490C /* ScrollDemo */ = {
			isa = PBXGroup;
			children = (
				1411C095234DE42300BD490C /* mind.png */,
				1411C096234DE42300BD490C /* struct.png */,
				1411C0862341E94900BD490C /* Info.plist */,
				1411C090234DD24C00BD490C /* demoapp */,
				1411C07C2341E94800BD490C /* ViewController.swift */,
				1411C08C234C2AF200BD490C /* ScrollTableviewCell.swift */,
				1411C08E234C2ED400BD490C /* GestureTableView.swift */,
			);
			path = ScrollDemo;
			sourceTree = "<group>";
		};
		1411C090234DD24C00BD490C /* demoapp */ = {
			isa = PBXGroup;
			children = (
				1411C0782341E94800BD490C /* AppDelegate.swift */,
				1411C07A2341E94800BD490C /* SceneDelegate.swift */,
				1411C07E2341E94800BD490C /* Main.storyboard */,
				1411C0812341E94900BD490C /* Assets.xcassets */,
				1411C0832341E94900BD490C /* LaunchScreen.storyboard */,
			);
			path = demoapp;
			sourceTree = "<group>";
		};
/* End PBXGroup section */

/* Begin PBXNativeTarget section */
		1411C0742341E94800BD490C /* ScrollDemo */ = {
			isa = PBXNativeTarget;
			buildConfigurationList = 1411C0892341E94900BD490C /* Build configuration list for PBXNativeTarget "ScrollDemo" */;
			buildPhases = (
				1411C0712341E94800BD490C /* Sources */,
				1411C0722341E94800BD490C /* Frameworks */,
				1411C0732341E94800BD490C /* Resources */,
			);
			buildRules = (
			);
			dependencies = (
			);
			name = ScrollDemo;
			productName = ScrollDemo;
			productReference = 1411C0752341E94800BD490C /* ScrollDemo.app */;
			productType = "com.apple.product-type.application";
		};
/* End PBXNativeTarget section */

/* Begin PBXProject section */
		1411C06D2341E94800BD490C /* Project object */ = {
			isa = PBXProject;
			attributes = {
				LastSwiftUpdateCheck = 1100;
				LastUpgradeCheck = 1100;
				ORGANIZATIONNAME = ScrollDemo;
				TargetAttributes = {
					1411C0742341E94800BD490C = {
						CreatedOnToolsVersion = 11.0;
					};
				};
			};
			buildConfigurationList = 1411C0702341E94800BD490C /* Build configuration list for PBXProject "ScrollDemo" */;
			compatibilityVersion = "Xcode 9.3";
			developmentRegion = en;
			hasScannedForEncodings = 0;
			knownRegions = (
				en,
				Base,
			);
			mainGroup = 1411C06C2341E94800BD490C;
			productRefGroup = 1411C0762341E94800BD490C /* Products */;
			projectDirPath = "";
			projectRoot = "";
			targets = (
				1411C0742341E94800BD490C /* ScrollDemo */,
			);
		};
/* End PBXProject section */

/* Begin PBXResourcesBuildPhase section */
		1411C0732341E94800BD490C /* Resources */ = {
			isa = PBXResourcesBuildPhase;
			buildActionMask = 2147483647;
			files = (
				1411C0852341E94900BD490C /* LaunchScreen.storyboard in Resources */,
				1411C0822341E94900BD490C /* Assets.xcassets in Resources */,
				1411C0802341E94800BD490C /* Main.storyboard in Resources */,
				1411C098234DE42300BD490C /* struct.png in Resources */,
				1411C097234DE42300BD490C /* mind.png in Resources */,
			);
			runOnlyForDeploymentPostprocessing = 0;
		};
/* End PBXResourcesBuildPhase section */

/* Begin PBXSourcesBuildPhase section */
		1411C0712341E94800BD490C /* Sources */ = {
			isa = PBXSourcesBuildPhase;
			buildActionMask = 2147483647;
			files = (
				1411C07D2341E94800BD490C /* ViewController.swift in Sources */,
				1411C0792341E94800BD490C /* AppDelegate.swift in Sources */,
				1411C08D234C2AF200BD490C /* ScrollTableviewCell.swift in Sources */,
				1411C07B2341E94800BD490C /* SceneDelegate.swift in Sources */,
				1411C08F234C2ED400BD490C /* GestureTableView.swift in Sources */,
			);
			runOnlyForDeploymentPostprocessing = 0;
		};
/* End PBXSourcesBuildPhase section */

/* Begin PBXVariantGroup section */
		1411C07E2341E94800BD490C /* Main.storyboard */ = {
			isa = PBXVariantGroup;
			children = (
				1411C07F2341E94800BD490C /* Base */,
			);
			name = Main.storyboard;
			sourceTree = "<group>";
		};
		1411C0832341E94900BD490C /* LaunchScreen.storyboard */ = {
			isa = PBXVariantGroup;
			children = (
				1411C0842341E94900BD490C /* Base */,
			);
			name = LaunchScreen.storyboard;
			sourceTree = "<group>";
		};
/* End PBXVariantGroup section */

/* Begin XCBuildConfiguration section */
		1411C0872341E94900BD490C /* Debug */ = {
			isa = XCBuildConfiguration;
			buildSettings = {
				ALWAYS_SEARCH_USER_PATHS = NO;
				CLANG_ANALYZER_NONNULL = YES;
				CLANG_ANALYZER_NUMBER_OBJECT_CONVERSION = YES_AGGRESSIVE;
				CLANG_CXX_LANGUAGE_STANDARD = "gnu++14";
				CLANG_CXX_LIBRARY = "libc++";
				CLANG_ENABLE_MODULES = YES;
				CLANG_ENABLE_OBJC_ARC = YES;
				CLANG_ENABLE_OBJC_WEAK = YES;
				CLANG_WARN_BLOCK_CAPTURE_AUTORELEASING = YES;
				CLANG_WARN_BOOL_CONVERSION = YES;
				CLANG_WARN_COMMA = YES;
				CLANG_WARN_CONSTANT_CONVERSION = YES;
				CLANG_WARN_DEPRECATED_OBJC_IMPLEMENTATIONS = YES;
				CLANG_WARN_DIRECT_OBJC_ISA_USAGE = YES_ERROR;
				CLANG_WARN_DOCUMENTATION_COMMENTS = YES;
				CLANG_WARN_EMPTY_BODY = YES;
				CLANG_WARN_ENUM_CONVERSION = YES;
				CLANG_WARN_INFINITE_RECURSION = YES;
				CLANG_WARN_INT_CONVERSION = YES;
				CLANG_WARN_NON_LITERAL_NULL_CONVERSION = YES;
				CLANG_WARN_OBJC_IMPLICIT_RETAIN_SELF = YES;
				CLANG_WARN_OBJC_LITERAL_CONVERSION = YES;
				CLANG_WARN_OBJC_ROOT_CLASS = YES_ERROR;
				CLANG_WARN_RANGE_LOOP_ANALYSIS = YES;
				CLANG_WARN_STRICT_PROTOTYPES = YES;
				CLANG_WARN_SUSPICIOUS_MOVE = YES;
				CLANG_WARN_UNGUARDED_AVAILABILITY = YES_AGGRESSIVE;
				CLANG_WARN_UNREACHABLE_CODE = YES;
				CLANG_WARN__DUPLICATE_METHOD_MATCH = YES;
				COPY_PHASE_STRIP = NO;
				DEBUG_INFORMATION_FORMAT = dwarf;
				ENABLE_STRICT_OBJC_MSGSEND = YES;
				ENABLE_TESTABILITY = YES;
				GCC_C_LANGUAGE_STANDARD = gnu11;
				GCC_DYNAMIC_NO_PIC = NO;
				GCC_NO_COMMON_BLOCKS = YES;
				GCC_OPTIMIZATION_LEVEL = 0;
				GCC_PREPROCESSOR_DEFINITIONS = (
					"DEBUG=1",
					"$(inherited)",
				);
				GCC_WARN_64_TO_32_BIT_CONVERSION = YES;
				GCC_WARN_ABOUT_RETURN_TYPE = YES_ERROR;
				GCC_WARN_UNDECLARED_SELECTOR = YES;
				GCC_WARN_UNINITIALIZED_AUTOS = YES_AGGRESSIVE;
				GCC_WARN_UNUSED_FUNCTION = YES;
				GCC_WARN_UNUSED_VARIABLE = YES;
				IPHONEOS_DEPLOYMENT_TARGET = 13.0;
				MTL_ENABLE_DEBUG_INFO = INCLUDE_SOURCE;
				MTL_FAST_MATH = YES;
				ONLY_ACTIVE_ARCH = YES;
				SDKROOT = iphoneos;
				SWIFT_ACTIVE_COMPILATION_CONDITIONS = DEBUG;
				SWIFT_OPTIMIZATION_LEVEL = "-Onone";
			};
			name = Debug;
		};
		1411C0882341E94900BD490C /* Release */ = {
			isa = XCBuildConfiguration;
			buildSettings = {
				ALWAYS_SEARCH_USER_PATHS = NO;
				CLANG_ANALYZER_NONNULL = YES;
				CLANG_ANALYZER_NUMBER_OBJECT_CONVERSION = YES_AGGRESSIVE;
				CLANG_CXX_LANGUAGE_STANDARD = "gnu++14";
				CLANG_CXX_LIBRARY = "libc++";
				CLANG_ENABLE_MODULES = YES;
				CLANG_ENABLE_OBJC_ARC = YES;
				CLANG_ENABLE_OBJC_WEAK = YES;
				CLANG_WARN_BLOCK_CAPTURE_AUTORELEASING = YES;
				CLANG_WARN_BOOL_CONVERSION = YES;
				CLANG_WARN_COMMA = YES;
				CLANG_WARN_CONSTANT_CONVERSION = YES;
				CLANG_WARN_DEPRECATED_OBJC_IMPLEMENTATIONS = YES;
				CLANG_WARN_DIRECT_OBJC_ISA_USAGE = YES_ERROR;
				CLANG_WARN_DOCUMENTATION_COMMENTS = YES;
				CLANG_WARN_EMPTY_BODY = YES;
				CLANG_WARN_ENUM_CONVERSION = YES;
				CLANG_WARN_INFINITE_RECURSION = YES;
				CLANG_WARN_INT_CONVERSION = YES;
				CLANG_WARN_NON_LITERAL_NULL_CONVERSION = YES;
				CLANG_WARN_OBJC_IMPLICIT_RETAIN_SELF = YES;
				CLANG_WARN_OBJC_LITERAL_CONVERSION = YES;
				CLANG_WARN_OBJC_ROOT_CLASS = YES_ERROR;
				CLANG_WARN_RANGE_LOOP_ANALYSIS = YES;
				CLANG_WARN_STRICT_PROTOTYPES = YES;
				CLANG_WARN_SUSPICIOUS_MOVE = YES;
				CLANG_WARN_UNGUARDED_AVAILABILITY = YES_AGGRESSIVE;
				CLANG_WARN_UNREACHABLE_CODE = YES;
				CLANG_WARN__DUPLICATE_METHOD_MATCH = YES;
				COPY_PHASE_STRIP = NO;
				DEBUG_INFORMATION_FORMAT = "dwarf-with-dsym";
				ENABLE_NS_ASSERTIONS = NO;
				ENABLE_STRICT_OBJC_MSGSEND = YES;
				GCC_C_LANGUAGE_STANDARD = gnu11;
				GCC_NO_COMMON_BLOCKS = YES;
				GCC_WARN_64_TO_32_BIT_CONVERSION = YES;
				GCC_WARN_ABOUT_RETURN_TYPE = YES_ERROR;
				GCC_WARN_UNDECLARED_SELECTOR = YES;
				GCC_WARN_UNINITIALIZED_AUTOS = YES_AGGRESSIVE;
				GCC_WARN_UNUSED_FUNCTION = YES;
				GCC_WARN_UNUSED_VARIABLE = YES;
				IPHONEOS_DEPLOYMENT_TARGET = 13.0;
				MTL_ENABLE_DEBUG_INFO = NO;
				MTL_FAST_MATH = YES;
				SDKROOT = iphoneos;
				SWIFT_COMPILATION_MODE = wholemodule;
				SWIFT_OPTIMIZATION_LEVEL = "-O";
				VALIDATE_PRODUCT = YES;
			};
			name = Release;
		};
		1411C08A2341E94900BD490C /* Debug */ = {
			isa = XCBuildConfiguration;
			buildSettings = {
				ASSETCATALOG_COMPILER_APPICON_NAME = AppIcon;
				CODE_SIGN_STYLE = Automatic;
				DEVELOPMENT_TEAM = 26J52EZXXR;
				INFOPLIST_FILE = ScrollDemo/Info.plist;
				LD_RUNPATH_SEARCH_PATHS = (
					"$(inherited)",
					"@executable_path/Frameworks",
				);
				PRODUCT_BUNDLE_IDENTIFIER = BC.ScrollDemo;
				PRODUCT_NAME = "$(TARGET_NAME)";
				SWIFT_VERSION = 5.0;
				TARGETED_DEVICE_FAMILY = "1,2";
			};
			name = Debug;
		};
		1411C08B2341E94900BD490C /* Release */ = {
			isa = XCBuildConfiguration;
			buildSettings = {
				ASSETCATALOG_COMPILER_APPICON_NAME = AppIcon;
				CODE_SIGN_STYLE = Automatic;
				DEVELOPMENT_TEAM = 26J52EZXXR;
				INFOPLIST_FILE = ScrollDemo/Info.plist;
				LD_RUNPATH_SEARCH_PATHS = (
					"$(inherited)",
					"@executable_path/Frameworks",
				);
				PRODUCT_BUNDLE_IDENTIFIER = BC.ScrollDemo;
				PRODUCT_NAME = "$(TARGET_NAME)";
				SWIFT_VERSION = 5.0;
				TARGETED_DEVICE_FAMILY = "1,2";
			};
			name = Release;
		};
/* End XCBuildConfiguration section */

/* Begin XCConfigurationList section */
		1411C0702341E94800BD490C /* Build configuration list for PBXProject "ScrollDemo" */ = {
			isa = XCConfigurationList;
			buildConfigurations = (
				1411C0872341E94900BD490C /* Debug */,
				1411C0882341E94900BD490C /* Release */,
			);
			defaultConfigurationIsVisible = 0;
			defaultConfigurationName = Release;
		};
		1411C0892341E94900BD490C /* Build configuration list for PBXNativeTarget "ScrollDemo" */ = {
			isa = XCConfigurationList;
			buildConfigurations = (
				1411C08A2341E94900BD490C /* Debug */,
				1411C08B2341E94900BD490C /* Release */,
			);
			defaultConfigurationIsVisible = 0;
			defaultConfigurationName = Release;
		};
/* End XCConfigurationList section */
	};
	rootObject = 1411C06D2341E94800BD490C /* Project object */;
}
